
Microsoft Visual Studio Solution File, Format Version 12.00
# Visual Studio Version 16
VisualStudioVersion = 16.0.31729.503
MinimumVisualStudioVersion = 10.0.40219.1
Project("{FAE04EC0-301F-11D3-BF4B-00C04F79EFBC}") = "Abschlussprojekt", "Abschlussprojekt\Abschlussprojekt.csproj", "{8DBCCD8C-8014-4A3B-90AE-AD81A968239A}"
EndProject
Global
	GlobalSection(SolutionConfigurationPlatforms) = preSolution
		Debug|Any CPU = Debug|Any CPU
		Release|Any CPU = Release|Any CPU
	EndGlobalSection
	GlobalSection(ProjectConfigurationPlatforms) = postSolution
		{8DBCCD8C-8014-4A3B-90AE-AD81A968239A}.Debug|Any CPU.ActiveCfg = Debug|Any CPU
		{8DBCCD8C-8014-4A3B-90AE-AD81A968239A}.Debug|Any CPU.Build.0 = Debug|Any CPU
		{8DBCCD8C-8014-4A3B-90AE-AD81A968239A}.Release|Any CPU.ActiveCfg = Release|Any CPU
		{8DBCCD8C-8014-4A3B-90AE-AD81A968239A}.Release|Any CPU.Build.0 = Release|Any CPU
	EndGlobalSection
	GlobalSection(SolutionProperties) = preSolution
		HideSolutionNode = FALSE
	EndGlobalSection
	GlobalSection(ExtensibilityGlobals) = postSolution
		SolutionGuid = {681C4522-3E43-415F-A9F8-623379DD30E5}
	EndGlobalSection
EndGlobal
